// !$*UTF8*$!
{
	archiveVersion = 1;
	classes = {
	};
	objectVersion = 48;
	objects = {

/* Begin PBXBuildFile section */
		499B013D202DA3CD00C3ED33 /* UIKitExt.framework in Frameworks */ = {isa = PBXBuildFile; fileRef = 499B0133202DA3CC00C3ED33 /* UIKitExt.framework */; };
		499B0142202DA3CD00C3ED33 /* UIKitExtTests.swift in Sources */ = {isa = PBXBuildFile; fileRef = 499B0141202DA3CD00C3ED33 /* UIKitExtTests.swift */; };
		499B0144202DA3CD00C3ED33 /* UIKitExt.h in Headers */ = {isa = PBXBuildFile; fileRef = 499B0136202DA3CC00C3ED33 /* UIKitExt.h */; settings = {ATTRIBUTES = (Public, ); }; };
		499B014F202DA40E00C3ED33 /* UILabel+Extensions.swift in Sources */ = {isa = PBXBuildFile; fileRef = 499B014E202DA40D00C3ED33 /* UILabel+Extensions.swift */; };
		499B0151202DA43600C3ED33 /* UIColor+Extensions.swift in Sources */ = {isa = PBXBuildFile; fileRef = 499B0150202DA43600C3ED33 /* UIColor+Extensions.swift */; };
		499B0156202DA4F700C3ED33 /* UIViewController+Extensions.swift in Sources */ = {isa = PBXBuildFile; fileRef = 499B0155202DA4F700C3ED33 /* UIViewController+Extensions.swift */; };
		499B0158202DA55500C3ED33 /* UIScrollView+Extensions.swift in Sources */ = {isa = PBXBuildFile; fileRef = 499B0157202DA55500C3ED33 /* UIScrollView+Extensions.swift */; };
		499B015A202DA5A300C3ED33 /* UIFont+Extensions.swift in Sources */ = {isa = PBXBuildFile; fileRef = 499B0159202DA5A300C3ED33 /* UIFont+Extensions.swift */; };
		499B0160202DA71C00C3ED33 /* UIStackView+Extensions.swift in Sources */ = {isa = PBXBuildFile; fileRef = 499B015F202DA71C00C3ED33 /* UIStackView+Extensions.swift */; };
		499B0162202DA79700C3ED33 /* UIImageView+Extensions.swift in Sources */ = {isa = PBXBuildFile; fileRef = 499B0161202DA79700C3ED33 /* UIImageView+Extensions.swift */; };
		499B0164202DA80900C3ED33 /* UIAlertController+Extensions.swift in Sources */ = {isa = PBXBuildFile; fileRef = 499B0163202DA80900C3ED33 /* UIAlertController+Extensions.swift */; };
		499B0166202DC5DC00C3ED33 /* UITableView+Extensions.swift in Sources */ = {isa = PBXBuildFile; fileRef = 499B0165202DC5DC00C3ED33 /* UITableView+Extensions.swift */; };
		499B0168202DC60C00C3ED33 /* UIView+Extensions.swift in Sources */ = {isa = PBXBuildFile; fileRef = 499B0167202DC60C00C3ED33 /* UIView+Extensions.swift */; };
		49A802B0202FBD0A005282A7 /* UIEdgeInsets+Extensions.swift in Sources */ = {isa = PBXBuildFile; fileRef = 49A802AF202FBD0A005282A7 /* UIEdgeInsets+Extensions.swift */; };
		49A802B2202FC090005282A7 /* UINavigationItem+Extensions.swift in Sources */ = {isa = PBXBuildFile; fileRef = 49A802B1202FC090005282A7 /* UINavigationItem+Extensions.swift */; };
		49A802B4202FC1E7005282A7 /* UIBezierPath+Extensions.swift in Sources */ = {isa = PBXBuildFile; fileRef = 49A802B3202FC1E7005282A7 /* UIBezierPath+Extensions.swift */; };
/* End PBXBuildFile section */

/* Begin PBXContainerItemProxy section */
		499B013E202DA3CD00C3ED33 /* PBXContainerItemProxy */ = {
			isa = PBXContainerItemProxy;
			containerPortal = 499B012A202DA3CC00C3ED33 /* Project object */;
			proxyType = 1;
			remoteGlobalIDString = 499B0132202DA3CC00C3ED33;
			remoteInfo = UIKitExt;
		};
/* End PBXContainerItemProxy section */

/* Begin PBXFileReference section */
		499B0133202DA3CC00C3ED33 /* UIKitExt.framework */ = {isa = PBXFileReference; explicitFileType = wrapper.framework; includeInIndex = 0; path = UIKitExt.framework; sourceTree = BUILT_PRODUCTS_DIR; };
		499B0136202DA3CC00C3ED33 /* UIKitExt.h */ = {isa = PBXFileReference; lastKnownFileType = sourcecode.c.h; path = UIKitExt.h; sourceTree = "<group>"; };
		499B0137202DA3CC00C3ED33 /* Info.plist */ = {isa = PBXFileReference; lastKnownFileType = text.plist.xml; path = Info.plist; sourceTree = "<group>"; };
		499B013C202DA3CD00C3ED33 /* UIKitExtTests.xctest */ = {isa = PBXFileReference; explicitFileType = wrapper.cfbundle; includeInIndex = 0; path = UIKitExtTests.xctest; sourceTree = BUILT_PRODUCTS_DIR; };
		499B0141202DA3CD00C3ED33 /* UIKitExtTests.swift */ = {isa = PBXFileReference; lastKnownFileType = sourcecode.swift; path = UIKitExtTests.swift; sourceTree = "<group>"; };
		499B0143202DA3CD00C3ED33 /* Info.plist */ = {isa = PBXFileReference; lastKnownFileType = text.plist.xml; path = Info.plist; sourceTree = "<group>"; };
		499B014E202DA40D00C3ED33 /* UILabel+Extensions.swift */ = {isa = PBXFileReference; fileEncoding = 4; lastKnownFileType = sourcecode.swift; path = "UILabel+Extensions.swift"; sourceTree = "<group>"; };
		499B0150202DA43600C3ED33 /* UIColor+Extensions.swift */ = {isa = PBXFileReference; fileEncoding = 4; lastKnownFileType = sourcecode.swift; path = "UIColor+Extensions.swift"; sourceTree = "<group>"; };
		499B0155202DA4F700C3ED33 /* UIViewController+Extensions.swift */ = {isa = PBXFileReference; lastKnownFileType = sourcecode.swift; path = "UIViewController+Extensions.swift"; sourceTree = "<group>"; };
		499B0157202DA55500C3ED33 /* UIScrollView+Extensions.swift */ = {isa = PBXFileReference; lastKnownFileType = sourcecode.swift; path = "UIScrollView+Extensions.swift"; sourceTree = "<group>"; };
		499B0159202DA5A300C3ED33 /* UIFont+Extensions.swift */ = {isa = PBXFileReference; lastKnownFileType = sourcecode.swift; path = "UIFont+Extensions.swift"; sourceTree = "<group>"; };
		499B015F202DA71C00C3ED33 /* UIStackView+Extensions.swift */ = {isa = PBXFileReference; fileEncoding = 4; lastKnownFileType = sourcecode.swift; path = "UIStackView+Extensions.swift"; sourceTree = "<group>"; };
		499B0161202DA79700C3ED33 /* UIImageView+Extensions.swift */ = {isa = PBXFileReference; lastKnownFileType = sourcecode.swift; path = "UIImageView+Extensions.swift"; sourceTree = "<group>"; };
		499B0163202DA80900C3ED33 /* UIAlertController+Extensions.swift */ = {isa = PBXFileReference; lastKnownFileType = sourcecode.swift; path = "UIAlertController+Extensions.swift"; sourceTree = "<group>"; };
		499B0165202DC5DC00C3ED33 /* UITableView+Extensions.swift */ = {isa = PBXFileReference; lastKnownFileType = sourcecode.swift; path = "UITableView+Extensions.swift"; sourceTree = "<group>"; };
		499B0167202DC60C00C3ED33 /* UIView+Extensions.swift */ = {isa = PBXFileReference; lastKnownFileType = sourcecode.swift; path = "UIView+Extensions.swift"; sourceTree = "<group>"; };
		49A802AF202FBD0A005282A7 /* UIEdgeInsets+Extensions.swift */ = {isa = PBXFileReference; lastKnownFileType = sourcecode.swift; path = "UIEdgeInsets+Extensions.swift"; sourceTree = "<group>"; };
		49A802B1202FC090005282A7 /* UINavigationItem+Extensions.swift */ = {isa = PBXFileReference; lastKnownFileType = sourcecode.swift; path = "UINavigationItem+Extensions.swift"; sourceTree = "<group>"; };
		49A802B3202FC1E7005282A7 /* UIBezierPath+Extensions.swift */ = {isa = PBXFileReference; lastKnownFileType = sourcecode.swift; path = "UIBezierPath+Extensions.swift"; sourceTree = "<group>"; };
/* End PBXFileReference section */

/* Begin PBXFrameworksBuildPhase section */
		499B012F202DA3CC00C3ED33 /* Frameworks */ = {
			isa = PBXFrameworksBuildPhase;
			buildActionMask = 2147483647;
			files = (
			);
			runOnlyForDeploymentPostprocessing = 0;
		};
		499B0139202DA3CD00C3ED33 /* Frameworks */ = {
			isa = PBXFrameworksBuildPhase;
			buildActionMask = 2147483647;
			files = (
				499B013D202DA3CD00C3ED33 /* UIKitExt.framework in Frameworks */,
			);
			runOnlyForDeploymentPostprocessing = 0;
		};
/* End PBXFrameworksBuildPhase section */

/* Begin PBXGroup section */
		499B0129202DA3CC00C3ED33 = {
			isa = PBXGroup;
			children = (
				499B0135202DA3CC00C3ED33 /* UIKitExt */,
				499B0140202DA3CD00C3ED33 /* UIKitExtTests */,
				499B0134202DA3CC00C3ED33 /* Products */,
			);
			sourceTree = "<group>";
		};
		499B0134202DA3CC00C3ED33 /* Products */ = {
			isa = PBXGroup;
			children = (
				499B0133202DA3CC00C3ED33 /* UIKitExt.framework */,
				499B013C202DA3CD00C3ED33 /* UIKitExtTests.xctest */,
			);
			name = Products;
			sourceTree = "<group>";
		};
		499B0135202DA3CC00C3ED33 /* UIKitExt */ = {
			isa = PBXGroup;
			children = (
				499B014D202DA3D600C3ED33 /* Source */,
				499B0136202DA3CC00C3ED33 /* UIKitExt.h */,
				499B0137202DA3CC00C3ED33 /* Info.plist */,
			);
			path = UIKitExt;
			sourceTree = "<group>";
		};
		499B0140202DA3CD00C3ED33 /* UIKitExtTests */ = {
			isa = PBXGroup;
			children = (
				499B0141202DA3CD00C3ED33 /* UIKitExtTests.swift */,
				499B0143202DA3CD00C3ED33 /* Info.plist */,
			);
			path = UIKitExtTests;
			sourceTree = "<group>";
		};
		499B014D202DA3D600C3ED33 /* Source */ = {
			isa = PBXGroup;
			children = (
				499B0163202DA80900C3ED33 /* UIAlertController+Extensions.swift */,
				49A802B3202FC1E7005282A7 /* UIBezierPath+Extensions.swift */,
				499B0150202DA43600C3ED33 /* UIColor+Extensions.swift */,
				49A802AF202FBD0A005282A7 /* UIEdgeInsets+Extensions.swift */,
				499B0159202DA5A300C3ED33 /* UIFont+Extensions.swift */,
				499B0161202DA79700C3ED33 /* UIImageView+Extensions.swift */,
				499B014E202DA40D00C3ED33 /* UILabel+Extensions.swift */,
				49A802B1202FC090005282A7 /* UINavigationItem+Extensions.swift */,
				499B0157202DA55500C3ED33 /* UIScrollView+Extensions.swift */,
				499B015F202DA71C00C3ED33 /* UIStackView+Extensions.swift */,
				499B0165202DC5DC00C3ED33 /* UITableView+Extensions.swift */,
				499B0167202DC60C00C3ED33 /* UIView+Extensions.swift */,
				499B0155202DA4F700C3ED33 /* UIViewController+Extensions.swift */,
			);
			path = Source;
			sourceTree = "<group>";
		};
/* End PBXGroup section */

/* Begin PBXHeadersBuildPhase section */
		499B0130202DA3CC00C3ED33 /* Headers */ = {
			isa = PBXHeadersBuildPhase;
			buildActionMask = 2147483647;
			files = (
				499B0144202DA3CD00C3ED33 /* UIKitExt.h in Headers */,
			);
			runOnlyForDeploymentPostprocessing = 0;
		};
/* End PBXHeadersBuildPhase section */

/* Begin PBXNativeTarget section */
		499B0132202DA3CC00C3ED33 /* UIKitExt */ = {
			isa = PBXNativeTarget;
			buildConfigurationList = 499B0147202DA3CD00C3ED33 /* Build configuration list for PBXNativeTarget "UIKitExt" */;
			buildPhases = (
				499B012E202DA3CC00C3ED33 /* Sources */,
				499B012F202DA3CC00C3ED33 /* Frameworks */,
				499B0130202DA3CC00C3ED33 /* Headers */,
				499B0131202DA3CC00C3ED33 /* Resources */,
			);
			buildRules = (
			);
			dependencies = (
			);
			name = UIKitExt;
			productName = UIKitExt;
			productReference = 499B0133202DA3CC00C3ED33 /* UIKitExt.framework */;
			productType = "com.apple.product-type.framework";
		};
		499B013B202DA3CD00C3ED33 /* UIKitExtTests */ = {
			isa = PBXNativeTarget;
			buildConfigurationList = 499B014A202DA3CD00C3ED33 /* Build configuration list for PBXNativeTarget "UIKitExtTests" */;
			buildPhases = (
				499B0138202DA3CD00C3ED33 /* Sources */,
				499B0139202DA3CD00C3ED33 /* Frameworks */,
				499B013A202DA3CD00C3ED33 /* Resources */,
			);
			buildRules = (
			);
			dependencies = (
				499B013F202DA3CD00C3ED33 /* PBXTargetDependency */,
			);
			name = UIKitExtTests;
			productName = UIKitExtTests;
			productReference = 499B013C202DA3CD00C3ED33 /* UIKitExtTests.xctest */;
			productType = "com.apple.product-type.bundle.unit-test";
		};
/* End PBXNativeTarget section */

/* Begin PBXProject section */
		499B012A202DA3CC00C3ED33 /* Project object */ = {
			isa = PBXProject;
			attributes = {
				LastSwiftUpdateCheck = 0920;
				LastUpgradeCheck = 1000;
				ORGANIZATIONNAME = Marc;
				TargetAttributes = {
					499B0132202DA3CC00C3ED33 = {
						CreatedOnToolsVersion = 9.2;
						LastSwiftMigration = 1000;
						ProvisioningStyle = Automatic;
					};
					499B013B202DA3CD00C3ED33 = {
						CreatedOnToolsVersion = 9.2;
						LastSwiftMigration = 1000;
						ProvisioningStyle = Automatic;
					};
				};
			};
			buildConfigurationList = 499B012D202DA3CC00C3ED33 /* Build configuration list for PBXProject "UIKitExt" */;
			compatibilityVersion = "Xcode 8.0";
			developmentRegion = en;
			hasScannedForEncodings = 0;
			knownRegions = (
				en,
			);
			mainGroup = 499B0129202DA3CC00C3ED33;
			productRefGroup = 499B0134202DA3CC00C3ED33 /* Products */;
			projectDirPath = "";
			projectRoot = "";
			targets = (
				499B0132202DA3CC00C3ED33 /* UIKitExt */,
				499B013B202DA3CD00C3ED33 /* UIKitExtTests */,
			);
		};
/* End PBXProject section */

/* Begin PBXResourcesBuildPhase section */
		499B0131202DA3CC00C3ED33 /* Resources */ = {
			isa = PBXResourcesBuildPhase;
			buildActionMask = 2147483647;
			files = (
			);
			runOnlyForDeploymentPostprocessing = 0;
		};
		499B013A202DA3CD00C3ED33 /* Resources */ = {
			isa = PBXResourcesBuildPhase;
			buildActionMask = 2147483647;
			files = (
			);
			runOnlyForDeploymentPostprocessing = 0;
		};
/* End PBXResourcesBuildPhase section */

/* Begin PBXSourcesBuildPhase section */
		499B012E202DA3CC00C3ED33 /* Sources */ = {
			isa = PBXSourcesBuildPhase;
			buildActionMask = 2147483647;
			files = (
				49A802B2202FC090005282A7 /* UINavigationItem+Extensions.swift in Sources */,
				49A802B0202FBD0A005282A7 /* UIEdgeInsets+Extensions.swift in Sources */,
				499B0156202DA4F700C3ED33 /* UIViewController+Extensions.swift in Sources */,
				499B014F202DA40E00C3ED33 /* UILabel+Extensions.swift in Sources */,
				499B0158202DA55500C3ED33 /* UIScrollView+Extensions.swift in Sources */,
				499B0151202DA43600C3ED33 /* UIColor+Extensions.swift in Sources */,
				499B0166202DC5DC00C3ED33 /* UITableView+Extensions.swift in Sources */,
				499B0160202DA71C00C3ED33 /* UIStackView+Extensions.swift in Sources */,
				499B0162202DA79700C3ED33 /* UIImageView+Extensions.swift in Sources */,
				499B0164202DA80900C3ED33 /* UIAlertController+Extensions.swift in Sources */,
				49A802B4202FC1E7005282A7 /* UIBezierPath+Extensions.swift in Sources */,
				499B015A202DA5A300C3ED33 /* UIFont+Extensions.swift in Sources */,
				499B0168202DC60C00C3ED33 /* UIView+Extensions.swift in Sources */,
			);
			runOnlyForDeploymentPostprocessing = 0;
		};
		499B0138202DA3CD00C3ED33 /* Sources */ = {
			isa = PBXSourcesBuildPhase;
			buildActionMask = 2147483647;
			files = (
				499B0142202DA3CD00C3ED33 /* UIKitExtTests.swift in Sources */,
			);
			runOnlyForDeploymentPostprocessing = 0;
		};
/* End PBXSourcesBuildPhase section */

/* Begin PBXTargetDependency section */
		499B013F202DA3CD00C3ED33 /* PBXTargetDependency */ = {
			isa = PBXTargetDependency;
			target = 499B0132202DA3CC00C3ED33 /* UIKitExt */;
			targetProxy = 499B013E202DA3CD00C3ED33 /* PBXContainerItemProxy */;
		};
/* End PBXTargetDependency section */

/* Begin XCBuildConfiguration section */
		499B0145202DA3CD00C3ED33 /* Debug */ = {
			isa = XCBuildConfiguration;
			buildSettings = {
				ALWAYS_SEARCH_USER_PATHS = NO;
				CLANG_ANALYZER_NONNULL = YES;
				CLANG_ANALYZER_NUMBER_OBJECT_CONVERSION = YES_AGGRESSIVE;
				CLANG_CXX_LANGUAGE_STANDARD = "gnu++14";
				CLANG_CXX_LIBRARY = "libc++";
				CLANG_ENABLE_MODULES = YES;
				CLANG_ENABLE_OBJC_ARC = YES;
				CLANG_WARN_BLOCK_CAPTURE_AUTORELEASING = YES;
				CLANG_WARN_BOOL_CONVERSION = YES;
				CLANG_WARN_COMMA = YES;
				CLANG_WARN_CONSTANT_CONVERSION = YES;
				CLANG_WARN_DEPRECATED_OBJC_IMPLEMENTATIONS = YES;
				CLANG_WARN_DIRECT_OBJC_ISA_USAGE = YES_ERROR;
				CLANG_WARN_DOCUMENTATION_COMMENTS = YES;
				CLANG_WARN_EMPTY_BODY = YES;
				CLANG_WARN_ENUM_CONVERSION = YES;
				CLANG_WARN_INFINITE_RECURSION = YES;
				CLANG_WARN_INT_CONVERSION = YES;
				CLANG_WARN_NON_LITERAL_NULL_CONVERSION = YES;
				CLANG_WARN_OBJC_IMPLICIT_RETAIN_SELF = YES;
				CLANG_WARN_OBJC_LITERAL_CONVERSION = YES;
				CLANG_WARN_OBJC_ROOT_CLASS = YES_ERROR;
				CLANG_WARN_RANGE_LOOP_ANALYSIS = YES;
				CLANG_WARN_STRICT_PROTOTYPES = YES;
				CLANG_WARN_SUSPICIOUS_MOVE = YES;
				CLANG_WARN_UNGUARDED_AVAILABILITY = YES_AGGRESSIVE;
				CLANG_WARN_UNREACHABLE_CODE = YES;
				CLANG_WARN__DUPLICATE_METHOD_MATCH = YES;
				CODE_SIGN_IDENTITY = "iPhone Developer";
				COPY_PHASE_STRIP = NO;
				CURRENT_PROJECT_VERSION = 1;
				DEBUG_INFORMATION_FORMAT = dwarf;
				ENABLE_STRICT_OBJC_MSGSEND = YES;
				ENABLE_TESTABILITY = YES;
				GCC_C_LANGUAGE_STANDARD = gnu11;
				GCC_DYNAMIC_NO_PIC = NO;
				GCC_NO_COMMON_BLOCKS = YES;
				GCC_OPTIMIZATION_LEVEL = 0;
				GCC_PREPROCESSOR_DEFINITIONS = (
					"DEBUG=1",
					"$(inherited)",
				);
				GCC_WARN_64_TO_32_BIT_CONVERSION = YES;
				GCC_WARN_ABOUT_RETURN_TYPE = YES_ERROR;
				GCC_WARN_UNDECLARED_SELECTOR = YES;
				GCC_WARN_UNINITIALIZED_AUTOS = YES_AGGRESSIVE;
				GCC_WARN_UNUSED_FUNCTION = YES;
				GCC_WARN_UNUSED_VARIABLE = YES;
				IPHONEOS_DEPLOYMENT_TARGET = 9.0;
				MTL_ENABLE_DEBUG_INFO = YES;
				ONLY_ACTIVE_ARCH = YES;
				SDKROOT = iphoneos;
				SWIFT_ACTIVE_COMPILATION_CONDITIONS = DEBUG;
				SWIFT_OPTIMIZATION_LEVEL = "-Onone";
				VERSIONING_SYSTEM = "apple-generic";
				VERSION_INFO_PREFIX = "";
			};
			name = Debug;
		};
		499B0146202DA3CD00C3ED33 /* Release */ = {
			isa = XCBuildConfiguration;
			buildSettings = {
				ALWAYS_SEARCH_USER_PATHS = NO;
				CLANG_ANALYZER_NONNULL = YES;
				CLANG_ANALYZER_NUMBER_OBJECT_CONVERSION = YES_AGGRESSIVE;
				CLANG_CXX_LANGUAGE_STANDARD = "gnu++14";
				CLANG_CXX_LIBRARY = "libc++";
				CLANG_ENABLE_MODULES = YES;
				CLANG_ENABLE_OBJC_ARC = YES;
				CLANG_WARN_BLOCK_CAPTURE_AUTORELEASING = YES;
				CLANG_WARN_BOOL_CONVERSION = YES;
				CLANG_WARN_COMMA = YES;
				CLANG_WARN_CONSTANT_CONVERSION = YES;
				CLANG_WARN_DEPRECATED_OBJC_IMPLEMENTATIONS = YES;
				CLANG_WARN_DIRECT_OBJC_ISA_USAGE = YES_ERROR;
				CLANG_WARN_DOCUMENTATION_COMMENTS = YES;
				CLANG_WARN_EMPTY_BODY = YES;
				CLANG_WARN_ENUM_CONVERSION = YES;
				CLANG_WARN_INFINITE_RECURSION = YES;
				CLANG_WARN_INT_CONVERSION = YES;
				CLANG_WARN_NON_LITERAL_NULL_CONVERSION = YES;
				CLANG_WARN_OBJC_IMPLICIT_RETAIN_SELF = YES;
				CLANG_WARN_OBJC_LITERAL_CONVERSION = YES;
				CLANG_WARN_OBJC_ROOT_CLASS = YES_ERROR;
				CLANG_WARN_RANGE_LOOP_ANALYSIS = YES;
				CLANG_WARN_STRICT_PROTOTYPES = YES;
				CLANG_WARN_SUSPICIOUS_MOVE = YES;
				CLANG_WARN_UNGUARDED_AVAILABILITY = YES_AGGRESSIVE;
				CLANG_WARN_UNREACHABLE_CODE = YES;
				CLANG_WARN__DUPLICATE_METHOD_MATCH = YES;
				CODE_SIGN_IDENTITY = "iPhone Developer";
				COPY_PHASE_STRIP = NO;
				CURRENT_PROJECT_VERSION = 1;
				DEBUG_INFORMATION_FORMAT = "dwarf-with-dsym";
				ENABLE_NS_ASSERTIONS = NO;
				ENABLE_STRICT_OBJC_MSGSEND = YES;
				GCC_C_LANGUAGE_STANDARD = gnu11;
				GCC_NO_COMMON_BLOCKS = YES;
				GCC_WARN_64_TO_32_BIT_CONVERSION = YES;
				GCC_WARN_ABOUT_RETURN_TYPE = YES_ERROR;
				GCC_WARN_UNDECLARED_SELECTOR = YES;
				GCC_WARN_UNINITIALIZED_AUTOS = YES_AGGRESSIVE;
				GCC_WARN_UNUSED_FUNCTION = YES;
				GCC_WARN_UNUSED_VARIABLE = YES;
				IPHONEOS_DEPLOYMENT_TARGET = 9.0;
				MTL_ENABLE_DEBUG_INFO = NO;
				SDKROOT = iphoneos;
				SWIFT_OPTIMIZATION_LEVEL = "-Owholemodule";
				VALIDATE_PRODUCT = YES;
				VERSIONING_SYSTEM = "apple-generic";
				VERSION_INFO_PREFIX = "";
			};
			name = Release;
		};
		499B0148202DA3CD00C3ED33 /* Debug */ = {
			isa = XCBuildConfiguration;
			buildSettings = {
				CLANG_ENABLE_MODULES = YES;
				CODE_SIGN_IDENTITY = "";
				CODE_SIGN_STYLE = Automatic;
				DEFINES_MODULE = YES;
				DEVELOPMENT_TEAM = HYV9U93759;
				DYLIB_COMPATIBILITY_VERSION = 1;
				DYLIB_CURRENT_VERSION = 1;
				DYLIB_INSTALL_NAME_BASE = "@rpath";
				INFOPLIST_FILE = UIKitExt/Info.plist;
				INSTALL_PATH = "$(LOCAL_LIBRARY_DIR)/Frameworks";
				LD_RUNPATH_SEARCH_PATHS = "$(inherited) @executable_path/Frameworks @loader_path/Frameworks";
				PRODUCT_BUNDLE_IDENTIFIER = xyz.marcb.UIKitExt;
				PRODUCT_NAME = "$(TARGET_NAME:c99extidentifier)";
				SKIP_INSTALL = YES;
				SWIFT_OPTIMIZATION_LEVEL = "-Onone";
				SWIFT_VERSION = 4.2;
				TARGETED_DEVICE_FAMILY = "1,2";
			};
			name = Debug;
		};
		499B0149202DA3CD00C3ED33 /* Release */ = {
			isa = XCBuildConfiguration;
			buildSettings = {
				CLANG_ENABLE_MODULES = YES;
				CODE_SIGN_IDENTITY = "";
				CODE_SIGN_STYLE = Automatic;
				DEFINES_MODULE = YES;
				DEVELOPMENT_TEAM = HYV9U93759;
				DYLIB_COMPATIBILITY_VERSION = 1;
				DYLIB_CURRENT_VERSION = 1;
				DYLIB_INSTALL_NAME_BASE = "@rpath";
				INFOPLIST_FILE = UIKitExt/Info.plist;
				INSTALL_PATH = "$(LOCAL_LIBRARY_DIR)/Frameworks";
				LD_RUNPATH_SEARCH_PATHS = "$(inherited) @executable_path/Frameworks @loader_path/Frameworks";
				PRODUCT_BUNDLE_IDENTIFIER = xyz.marcb.UIKitExt;
				PRODUCT_NAME = "$(TARGET_NAME:c99extidentifier)";
				SKIP_INSTALL = YES;
				SWIFT_VERSION = 4.2;
				TARGETED_DEVICE_FAMILY = "1,2";
			};
			name = Release;
		};
		499B014B202DA3CD00C3ED33 /* Debug */ = {
			isa = XCBuildConfiguration;
			buildSettings = {
				ALWAYS_EMBED_SWIFT_STANDARD_LIBRARIES = YES;
				CODE_SIGN_STYLE = Automatic;
				DEVELOPMENT_TEAM = HYV9U93759;
				INFOPLIST_FILE = UIKitExtTests/Info.plist;
				LD_RUNPATH_SEARCH_PATHS = "$(inherited) @executable_path/Frameworks @loader_path/Frameworks";
				PRODUCT_BUNDLE_IDENTIFIER = xyz.marcb.UIKitExtTests;
				PRODUCT_NAME = "$(TARGET_NAME)";
				SWIFT_VERSION = 4.2;
				TARGETED_DEVICE_FAMILY = "1,2";
			};
			name = Debug;
		};
		499B014C202DA3CD00C3ED33 /* Release */ = {
			isa = XCBuildConfiguration;
			buildSettings = {
				ALWAYS_EMBED_SWIFT_STANDARD_LIBRARIES = YES;
				CODE_SIGN_STYLE = Automatic;
				DEVELOPMENT_TEAM = HYV9U93759;
				INFOPLIST_FILE = UIKitExtTests/Info.plist;
				LD_RUNPATH_SEARCH_PATHS = "$(inherited) @executable_path/Frameworks @loader_path/Frameworks";
				PRODUCT_BUNDLE_IDENTIFIER = xyz.marcb.UIKitExtTests;
				PRODUCT_NAME = "$(TARGET_NAME)";
				SWIFT_VERSION = 4.2;
				TARGETED_DEVICE_FAMILY = "1,2";
			};
			name = Release;
		};
/* End XCBuildConfiguration section */

/* Begin XCConfigurationList section */
		499B012D202DA3CC00C3ED33 /* Build configuration list for PBXProject "UIKitExt" */ = {
			isa = XCConfigurationList;
			buildConfigurations = (
				499B0145202DA3CD00C3ED33 /* Debug */,
				499B0146202DA3CD00C3ED33 /* Release */,
			);
			defaultConfigurationIsVisible = 0;
			defaultConfigurationName = Release;
		};
		499B0147202DA3CD00C3ED33 /* Build configuration list for PBXNativeTarget "UIKitExt" */ = {
			isa = XCConfigurationList;
			buildConfigurations = (
				499B0148202DA3CD00C3ED33 /* Debug */,
				499B0149202DA3CD00C3ED33 /* Release */,
			);
			defaultConfigurationIsVisible = 0;
			defaultConfigurationName = Release;
		};
		499B014A202DA3CD00C3ED33 /* Build configuration list for PBXNativeTarget "UIKitExtTests" */ = {
			isa = XCConfigurationList;
			buildConfigurations = (
				499B014B202DA3CD00C3ED33 /* Debug */,
				499B014C202DA3CD00C3ED33 /* Release */,
			);
			defaultConfigurationIsVisible = 0;
			defaultConfigurationName = Release;
		};
/* End XCConfigurationList section */
	};
	rootObject = 499B012A202DA3CC00C3ED33 /* Project object */;
}
